
Microsoft Visual Studio Solution File, Format Version 12.00
# Visual Studio Version 16
VisualStudioVersion = 16.0.28803.452
MinimumVisualStudioVersion = 10.0.40219.1
Project("{9A19103F-16F7-4668-BE54-9A1E7A4F7556}") = "ChatApp.Client", "ChatApp.Client\ChatApp.Client.csproj", "{947B5363-31CD-45E7-9C0A-60C8BD4499EB}"
EndProject
Project("{9A19103F-16F7-4668-BE54-9A1E7A4F7556}") = "ChatApp.Server", "ChatApp.Server\ChatApp.Server.csproj", "{7CE64A26-0D82-412F-AB19-97E75CE985FD}"
EndProject
Project("{9A19103F-16F7-4668-BE54-9A1E7A4F7556}") = "ChatApp.Core", "ChatApp.Core\ChatApp.Core.csproj", "{282EE7F3-3F96-4258-8365-F3F04881849F}"
EndProject
Global
	GlobalSection(SolutionConfigurationPlatforms) = preSolution
		Debug|Any CPU = Debug|Any CPU
		Release|Any CPU = Release|Any CPU
	EndGlobalSection
	GlobalSection(ProjectConfigurationPlatforms) = postSolution
		{947B5363-31CD-45E7-9C0A-60C8BD4499EB}.Debug|Any CPU.ActiveCfg = Debug|Any CPU
		{947B5363-31CD-45E7-9C0A-60C8BD4499EB}.Debug|Any CPU.Build.0 = Debug|Any CPU
		{947B5363-31CD-45E7-9C0A-60C8BD4499EB}.Release|Any CPU.ActiveCfg = Release|Any CPU
		{947B5363-31CD-45E7-9C0A-60C8BD4499EB}.Release|Any CPU.Build.0 = Release|Any CPU
		{7CE64A26-0D82-412F-AB19-97E75CE985FD}.Debug|Any CPU.ActiveCfg = Debug|Any CPU
		{7CE64A26-0D82-412F-AB19-97E75CE985FD}.Debug|Any CPU.Build.0 = Debug|Any CPU
		{7CE64A26-0D82-412F-AB19-97E75CE985FD}.Release|Any CPU.ActiveCfg = Release|Any CPU
		{7CE64A26-0D82-412F-AB19-97E75CE985FD}.Release|Any CPU.Build.0 = Release|Any CPU
		{282EE7F3-3F96-4258-8365-F3F04881849F}.Debug|Any CPU.ActiveCfg = Debug|Any CPU
		{282EE7F3-3F96-4258-8365-F3F04881849F}.Debug|Any CPU.Build.0 = Debug|Any CPU
		{282EE7F3-3F96-4258-8365-F3F04881849F}.Release|Any CPU.ActiveCfg = Release|Any CPU
		{282EE7F3-3F96-4258-8365-F3F04881849F}.Release|Any CPU.Build.0 = Release|Any CPU
	EndGlobalSection
	GlobalSection(SolutionProperties) = preSolution
		HideSolutionNode = FALSE
	EndGlobalSection
	GlobalSection(ExtensibilityGlobals) = postSolution
		SolutionGuid = {5122EEC4-2256-4A52-809E-950F809DB7DF}
	EndGlobalSection
EndGlobal
