
Microsoft Visual Studio Solution File, Format Version 12.00
# Visual Studio Version 16
VisualStudioVersion = 16.0.28803.452
MinimumVisualStudioVersion = 10.0.40219.1
Project("{FAE04EC0-301F-11D3-BF4B-00C04F79EFBC}") = "ChatApp.Client", "ChatApp.Client\ChatApp.Client.csproj", "{947B5363-31CD-45E7-9C0A-60C8BD4499EB}"
EndProject
Project("{FAE04EC0-301F-11D3-BF4B-00C04F79EFBC}") = "ChatApp.Model", "ChatApp.Model\ChatApp.Model.csproj", "{2F726325-8529-4E95-BFE7-D31DEAB0C927}"
EndProject
Project("{FAE04EC0-301F-11D3-BF4B-00C04F79EFBC}") = "ChatApp.Utilities", "ChatApp.Utilities\ChatApp.Utilities.csproj", "{9B8A0B0D-8EFA-4100-A202-F5CA0E99FA1C}"
EndProject
Global
	GlobalSection(SolutionConfigurationPlatforms) = preSolution
		Debug|Any CPU = Debug|Any CPU
		Release|Any CPU = Release|Any CPU
	EndGlobalSection
	GlobalSection(ProjectConfigurationPlatforms) = postSolution
		{947B5363-31CD-45E7-9C0A-60C8BD4499EB}.Debug|Any CPU.ActiveCfg = Debug|Any CPU
		{947B5363-31CD-45E7-9C0A-60C8BD4499EB}.Debug|Any CPU.Build.0 = Debug|Any CPU
		{947B5363-31CD-45E7-9C0A-60C8BD4499EB}.Release|Any CPU.ActiveCfg = Release|Any CPU
		{947B5363-31CD-45E7-9C0A-60C8BD4499EB}.Release|Any CPU.Build.0 = Release|Any CPU
		{2F726325-8529-4E95-BFE7-D31DEAB0C927}.Debug|Any CPU.ActiveCfg = Debug|Any CPU
		{2F726325-8529-4E95-BFE7-D31DEAB0C927}.Debug|Any CPU.Build.0 = Debug|Any CPU
		{2F726325-8529-4E95-BFE7-D31DEAB0C927}.Release|Any CPU.ActiveCfg = Release|Any CPU
		{2F726325-8529-4E95-BFE7-D31DEAB0C927}.Release|Any CPU.Build.0 = Release|Any CPU
		{9B8A0B0D-8EFA-4100-A202-F5CA0E99FA1C}.Debug|Any CPU.ActiveCfg = Debug|Any CPU
		{9B8A0B0D-8EFA-4100-A202-F5CA0E99FA1C}.Debug|Any CPU.Build.0 = Debug|Any CPU
		{9B8A0B0D-8EFA-4100-A202-F5CA0E99FA1C}.Release|Any CPU.ActiveCfg = Release|Any CPU
		{9B8A0B0D-8EFA-4100-A202-F5CA0E99FA1C}.Release|Any CPU.Build.0 = Release|Any CPU
	EndGlobalSection
	GlobalSection(SolutionProperties) = preSolution
		HideSolutionNode = FALSE
	EndGlobalSection
	GlobalSection(ExtensibilityGlobals) = postSolution
		SolutionGuid = {5122EEC4-2256-4A52-809E-950F809DB7DF}
	EndGlobalSection
EndGlobal
